# Pinned dependencies — generated from pip freeze on Python 3.11.15
# Update by running: pip freeze | grep -v -E "^(conan|patch-ng|python-apt|launchpadlib|lazr|wadllib|PyGObject|dbus-python|distro|httplib2|oauthlib|annotated-doc)" > requirements.lock
# DO NOT edit manually — regenerate after changing requirements.txt

aiohappyeyeballs==2.7.1
aiohttp==3.14.1
aiosignal==1.4.0
aiosqlite==0.22.1
alembic==1.18.5
annotated-types==0.7.0
anyio==4.14.1
argcomplete==3.1.4
attrs==26.1.0
beautifulsoup4==4.15.0
blinker==1.7.0
certifi==2026.2.25
cffi==2.1.0
charset-normalizer==3.4.6
click==8.4.2
colorama==0.4.6
coverage==7.15.0
cryptography==41.0.7
curl_cffi==0.15.0
fastapi==0.139.0
fasteners==0.20
freezegun==1.5.5
frozenlist==1.8.0
greenlet==3.5.3
h11==0.16.0
httpcore==1.0.9
httptools==0.8.0
httpx==0.28.1
idna==3.11
iniconfig==2.3.0
Jinja2==3.1.6
Mako==1.3.12
markdown-it-py==4.2.0
MarkupSafe==3.0.3
mdurl==0.1.2
multidict==6.7.1
multitasking==0.0.13
numpy==2.4.6
packaging==24.0
pandas==3.0.3
peewee==4.1.2
platformdirs==4.10.0
pluggy==1.6.0
propcache==0.5.2
protobuf==7.35.1
pycparser==3.0
pydantic==2.13.4
pydantic-settings==2.14.2
pydantic_core==2.46.4
Pygments==2.20.0
PyJWT==2.7.0
pyparsing==3.1.1
pytest==9.1.1
pytest-asyncio==1.4.0
pytest-cov==7.1.0
python-dateutil==2.9.0.post0
python-dotenv==1.2.2
pytz==2026.2
PyYAML==6.0.1
requests==2.33.1
respx==0.23.1
rich==15.0.0
schedule==1.2.2
scipy==1.17.1
six==1.16.0
soupsieve==2.8.4
SQLAlchemy==2.0.51
starlette==1.3.1
structlog==26.1.0
tabulate==0.10.0
toml==0.10.2
typing-inspection==0.4.2
typing_extensions==4.16.0
urllib3==2.6.3
uvicorn==0.51.0
uvloop==0.22.1
watchfiles==1.2.0
websockets==16.1
xmltodict==0.13.0
yarl==1.24.2
yfinance==1.5.1
